
Microsoft Visual Studio Solution File, Format Version 12.00
# Visual Studio Version 16
VisualStudioVersion = 16.0.31019.35
MinimumVisualStudioVersion = 10.0.40219.1
Project("{FAE04EC0-301F-11D3-BF4B-00C04F79EFBC}") = "server-info", "server-info\server-info.csproj", "{5054B3E1-C939-438D-B892-6CFF6A727628}"
EndProject
Global
	GlobalSection(SolutionConfigurationPlatforms) = preSolution
		Debug|Any CPU = Debug|Any CPU
		Release|Any CPU = Release|Any CPU
	EndGlobalSection
	GlobalSection(ProjectConfigurationPlatforms) = postSolution
		{5054B3E1-C939-438D-B892-6CFF6A727628}.Debug|Any CPU.ActiveCfg = Debug|Any CPU
		{5054B3E1-C939-438D-B892-6CFF6A727628}.Debug|Any CPU.Build.0 = Debug|Any CPU
		{5054B3E1-C939-438D-B892-6CFF6A727628}.Release|Any CPU.ActiveCfg = Release|Any CPU
		{5054B3E1-C939-438D-B892-6CFF6A727628}.Release|Any CPU.Build.0 = Release|Any CPU
	EndGlobalSection
	GlobalSection(SolutionProperties) = preSolution
		HideSolutionNode = FALSE
	EndGlobalSection
	GlobalSection(ExtensibilityGlobals) = postSolution
		SolutionGuid = {B1E5578F-3BA2-4598-93DD-CBF5770F8E93}
	EndGlobalSection
EndGlobal
